dependencies:
- name: mailhog
  repository: https://codecentric.github.io/helm-charts
  version: 5.2.0
- name: iom-tests
  repository: ""
  version: 1.0.0
- name: postgres
  repository: ""
  version: 1.0.0
digest: sha256:e0d592d6fb755b3dfce3da0027e24d7dca559e4a8e0efea3ca714ed6b19d2eb0
generated: "2022-11-10T08:31:49.896517+01:00"
