dependencies:
- name: mailpit
  repository: https://jouve.github.io/charts/
  version: 0.13.0
- name: iom-tests
  repository: ""
  version: 1.0.0
- name: postgres
  repository: ""
  version: 2.0.0
digest: sha256:cb50d4d5e11508478389ace68d39f4d4aeed4f3cec96489fec389202f0255606
generated: "2024-01-26T13:26:52.278957+01:00"
